
Microsoft Visual Studio Solution File, Format Version 12.00
# Visual Studio Version 16
VisualStudioVersion = 16.0.30011.22
MinimumVisualStudioVersion = 10.0.40219.1
Project("{FAE04EC0-301F-11D3-BF4B-00C04F79EFBC}") = "Shopping", "Shopping\Shopping.csproj", "{93466827-A54C-460F-8ECC-F313732D9B4B}"
EndProject
Project("{FAE04EC0-301F-11D3-BF4B-00C04F79EFBC}") = "ClassLibrary1", "ClassLibrary1\ClassLibrary1.csproj", "{997CD8C3-D826-427F-A57B-9169CC2D124C}"
EndProject
Global
	GlobalSection(SolutionConfigurationPlatforms) = preSolution
		Debug|Any CPU = Debug|Any CPU
		Release|Any CPU = Release|Any CPU
	EndGlobalSection
	GlobalSection(ProjectConfigurationPlatforms) = postSolution
		{93466827-A54C-460F-8ECC-F313732D9B4B}.Debug|Any CPU.ActiveCfg = Debug|Any CPU
		{93466827-A54C-460F-8ECC-F313732D9B4B}.Debug|Any CPU.Build.0 = Debug|Any CPU
		{93466827-A54C-460F-8ECC-F313732D9B4B}.Release|Any CPU.ActiveCfg = Release|Any CPU
		{93466827-A54C-460F-8ECC-F313732D9B4B}.Release|Any CPU.Build.0 = Release|Any CPU
		{997CD8C3-D826-427F-A57B-9169CC2D124C}.Debug|Any CPU.ActiveCfg = Debug|Any CPU
		{997CD8C3-D826-427F-A57B-9169CC2D124C}.Debug|Any CPU.Build.0 = Debug|Any CPU
		{997CD8C3-D826-427F-A57B-9169CC2D124C}.Release|Any CPU.ActiveCfg = Release|Any CPU
		{997CD8C3-D826-427F-A57B-9169CC2D124C}.Release|Any CPU.Build.0 = Release|Any CPU
	EndGlobalSection
	GlobalSection(SolutionProperties) = preSolution
		HideSolutionNode = FALSE
	EndGlobalSection
	GlobalSection(ExtensibilityGlobals) = postSolution
		SolutionGuid = {3C98EA0F-6545-413A-A322-5532E2B5E2DD}
	EndGlobalSection
EndGlobal
